// !$*UTF8*$!
{
	archiveVersion = 1;
	classes = {
	};
	objectVersion = 46;
	objects = {

/* Begin PBXBuildFile section */
		4D05391C193FA2EB00E3A669 /* NetworkManager.swift in Sources */ = {isa = PBXBuildFile; fileRef = 4D05391B193FA2EB00E3A669 /* NetworkManager.swift */; };
		4D23E6D21940F50E005427A8 /* Movie.swift in Sources */ = {isa = PBXBuildFile; fileRef = 4D23E6D11940F50E005427A8 /* Movie.swift */; };
		4DD0BBD6193DA3F1006071B2 /* AppDelegate.swift in Sources */ = {isa = PBXBuildFile; fileRef = 4DD0BBD5193DA3F1006071B2 /* AppDelegate.swift */; };
		4DD0BBD8193DA3F1006071B2 /* Images.xcassets in Resources */ = {isa = PBXBuildFile; fileRef = 4DD0BBD7193DA3F1006071B2 /* Images.xcassets */; };
		4DD0BBE4193DA3F1006071B2 /* SwiftestTests.swift in Sources */ = {isa = PBXBuildFile; fileRef = 4DD0BBE3193DA3F1006071B2 /* SwiftestTests.swift */; };
		4DD0BBEE193DA439006071B2 /* TableViewController.swift in Sources */ = {isa = PBXBuildFile; fileRef = 4DD0BBED193DA439006071B2 /* TableViewController.swift */; };
		4DD0BBF0193DA519006071B2 /* Main.storyboard in Resources */ = {isa = PBXBuildFile; fileRef = 4DD0BBEF193DA519006071B2 /* Main.storyboard */; };
		4DD0BBF2193DAA93006071B2 /* DetailViewController.swift in Sources */ = {isa = PBXBuildFile; fileRef = 4DD0BBF1193DAA93006071B2 /* DetailViewController.swift */; };
/* End PBXBuildFile section */

/* Begin PBXContainerItemProxy section */
		4DD0BBDE193DA3F1006071B2 /* PBXContainerItemProxy */ = {
			isa = PBXContainerItemProxy;
			containerPortal = 4DD0BBC8193DA3F1006071B2 /* Project object */;
			proxyType = 1;
			remoteGlobalIDString = 4DD0BBCF193DA3F1006071B2;
			remoteInfo = Swiftest;
		};
/* End PBXContainerItemProxy section */

/* Begin PBXFileReference section */
		4D05391B193FA2EB00E3A669 /* NetworkManager.swift */ = {isa = PBXFileReference; fileEncoding = 4; lastKnownFileType = sourcecode.swift; path = NetworkManager.swift; sourceTree = "<group>"; };
		4D23E6D11940F50E005427A8 /* Movie.swift */ = {isa = PBXFileReference; fileEncoding = 4; lastKnownFileType = sourcecode.swift; path = Movie.swift; sourceTree = "<group>"; };
		4DD0BBD0193DA3F1006071B2 /* Swifty Movies.app */ = {isa = PBXFileReference; explicitFileType = wrapper.application; includeInIndex = 0; path = "Swifty Movies.app"; sourceTree = BUILT_PRODUCTS_DIR; };
		4DD0BBD4193DA3F1006071B2 /* Info.plist */ = {isa = PBXFileReference; lastKnownFileType = text.plist.xml; path = Info.plist; sourceTree = "<group>"; };
		4DD0BBD5193DA3F1006071B2 /* AppDelegate.swift */ = {isa = PBXFileReference; lastKnownFileType = sourcecode.swift; path = AppDelegate.swift; sourceTree = "<group>"; };
		4DD0BBD7193DA3F1006071B2 /* Images.xcassets */ = {isa = PBXFileReference; lastKnownFileType = folder.assetcatalog; path = Images.xcassets; sourceTree = "<group>"; };
		4DD0BBDD193DA3F1006071B2 /* Swifty MoviesTests.xctest */ = {isa = PBXFileReference; explicitFileType = wrapper.cfbundle; includeInIndex = 0; path = "Swifty MoviesTests.xctest"; sourceTree = BUILT_PRODUCTS_DIR; };
		4DD0BBE2193DA3F1006071B2 /* Info.plist */ = {isa = PBXFileReference; lastKnownFileType = text.plist.xml; path = Info.plist; sourceTree = "<group>"; };
		4DD0BBE3193DA3F1006071B2 /* SwiftestTests.swift */ = {isa = PBXFileReference; lastKnownFileType = sourcecode.swift; path = SwiftestTests.swift; sourceTree = "<group>"; };
		4DD0BBED193DA439006071B2 /* TableViewController.swift */ = {isa = PBXFileReference; fileEncoding = 4; lastKnownFileType = sourcecode.swift; path = TableViewController.swift; sourceTree = "<group>"; };
		4DD0BBEF193DA519006071B2 /* Main.storyboard */ = {isa = PBXFileReference; fileEncoding = 4; lastKnownFileType = file.storyboard; path = Main.storyboard; sourceTree = "<group>"; };
		4DD0BBF1193DAA93006071B2 /* DetailViewController.swift */ = {isa = PBXFileReference; fileEncoding = 4; lastKnownFileType = sourcecode.swift; name = DetailViewController.swift; path = ../DetailViewController.swift; sourceTree = "<group>"; };
/* End PBXFileReference section */

/* Begin PBXFrameworksBuildPhase section */
		4DD0BBCD193DA3F1006071B2 /* Frameworks */ = {
			isa = PBXFrameworksBuildPhase;
			buildActionMask = 2147483647;
			files = (
			);
			runOnlyForDeploymentPostprocessing = 0;
		};
		4DD0BBDA193DA3F1006071B2 /* Frameworks */ = {
			isa = PBXFrameworksBuildPhase;
			buildActionMask = 2147483647;
			files = (
			);
			runOnlyForDeploymentPostprocessing = 0;
		};
/* End PBXFrameworksBuildPhase section */

/* Begin PBXGroup section */
		4DD0BBC7193DA3F1006071B2 = {
			isa = PBXGroup;
			children = (
				4DD0BBD2193DA3F1006071B2 /* Swiftest */,
				4DD0BBE0193DA3F1006071B2 /* SwiftestTests */,
				4DD0BBD1193DA3F1006071B2 /* Products */,
			);
			sourceTree = "<group>";
		};
		4DD0BBD1193DA3F1006071B2 /* Products */ = {
			isa = PBXGroup;
			children = (
				4DD0BBD0193DA3F1006071B2 /* Swifty Movies.app */,
				4DD0BBDD193DA3F1006071B2 /* Swifty MoviesTests.xctest */,
			);
			name = Products;
			sourceTree = "<group>";
		};
		4DD0BBD2193DA3F1006071B2 /* Swiftest */ = {
			isa = PBXGroup;
			children = (
				4DD0BBD5193DA3F1006071B2 /* AppDelegate.swift */,
				4DD0BBED193DA439006071B2 /* TableViewController.swift */,
				4DD0BBF1193DAA93006071B2 /* DetailViewController.swift */,
				4D23E6D11940F50E005427A8 /* Movie.swift */,
				4D05391B193FA2EB00E3A669 /* NetworkManager.swift */,
				4DD0BBEF193DA519006071B2 /* Main.storyboard */,
				4DD0BBD7193DA3F1006071B2 /* Images.xcassets */,
				4DD0BBD3193DA3F1006071B2 /* Supporting Files */,
			);
			path = Swiftest;
			sourceTree = "<group>";
		};
		4DD0BBD3193DA3F1006071B2 /* Supporting Files */ = {
			isa = PBXGroup;
			children = (
				4DD0BBD4193DA3F1006071B2 /* Info.plist */,
			);
			name = "Supporting Files";
			sourceTree = "<group>";
		};
		4DD0BBE0193DA3F1006071B2 /* SwiftestTests */ = {
			isa = PBXGroup;
			children = (
				4DD0BBE3193DA3F1006071B2 /* SwiftestTests.swift */,
				4DD0BBE1193DA3F1006071B2 /* Supporting Files */,
			);
			path = SwiftestTests;
			sourceTree = "<group>";
		};
		4DD0BBE1193DA3F1006071B2 /* Supporting Files */ = {
			isa = PBXGroup;
			children = (
				4DD0BBE2193DA3F1006071B2 /* Info.plist */,
			);
			name = "Supporting Files";
			sourceTree = "<group>";
		};
/* End PBXGroup section */

/* Begin PBXNativeTarget section */
		4DD0BBCF193DA3F1006071B2 /* Swifty Movies */ = {
			isa = PBXNativeTarget;
			buildConfigurationList = 4DD0BBE7193DA3F1006071B2 /* Build configuration list for PBXNativeTarget "Swifty Movies" */;
			buildPhases = (
				4DD0BBCC193DA3F1006071B2 /* Sources */,
				4DD0BBCD193DA3F1006071B2 /* Frameworks */,
				4DD0BBCE193DA3F1006071B2 /* Resources */,
			);
			buildRules = (
			);
			dependencies = (
			);
			name = "Swifty Movies";
			productName = Swiftest;
			productReference = 4DD0BBD0193DA3F1006071B2 /* Swifty Movies.app */;
			productType = "com.apple.product-type.application";
		};
		4DD0BBDC193DA3F1006071B2 /* Swifty MoviesTests */ = {
			isa = PBXNativeTarget;
			buildConfigurationList = 4DD0BBEA193DA3F1006071B2 /* Build configuration list for PBXNativeTarget "Swifty MoviesTests" */;
			buildPhases = (
				4DD0BBD9193DA3F1006071B2 /* Sources */,
				4DD0BBDA193DA3F1006071B2 /* Frameworks */,
				4DD0BBDB193DA3F1006071B2 /* Resources */,
			);
			buildRules = (
			);
			dependencies = (
				4DD0BBDF193DA3F1006071B2 /* PBXTargetDependency */,
			);
			name = "Swifty MoviesTests";
			productName = SwiftestTests;
			productReference = 4DD0BBDD193DA3F1006071B2 /* Swifty MoviesTests.xctest */;
			productType = "com.apple.product-type.bundle.unit-test";
		};
/* End PBXNativeTarget section */

/* Begin PBXProject section */
		4DD0BBC8193DA3F1006071B2 /* Project object */ = {
			isa = PBXProject;
			attributes = {
				LastUpgradeCheck = 0600;
				ORGANIZATIONNAME = Mark;
				TargetAttributes = {
					4DD0BBCF193DA3F1006071B2 = {
						CreatedOnToolsVersion = 6.0;
					};
					4DD0BBDC193DA3F1006071B2 = {
						CreatedOnToolsVersion = 6.0;
						TestTargetID = 4DD0BBCF193DA3F1006071B2;
					};
				};
			};
			buildConfigurationList = 4DD0BBCB193DA3F1006071B2 /* Build configuration list for PBXProject "Swifty Movies" */;
			compatibilityVersion = "Xcode 3.2";
			developmentRegion = English;
			hasScannedForEncodings = 0;
			knownRegions = (
				en,
			);
			mainGroup = 4DD0BBC7193DA3F1006071B2;
			productRefGroup = 4DD0BBD1193DA3F1006071B2 /* Products */;
			projectDirPath = "";
			projectRoot = "";
			targets = (
				4DD0BBCF193DA3F1006071B2 /* Swifty Movies */,
				4DD0BBDC193DA3F1006071B2 /* Swifty MoviesTests */,
			);
		};
/* End PBXProject section */

/* Begin PBXResourcesBuildPhase section */
		4DD0BBCE193DA3F1006071B2 /* Resources */ = {
			isa = PBXResourcesBuildPhase;
			buildActionMask = 2147483647;
			files = (
				4DD0BBD8193DA3F1006071B2 /* Images.xcassets in Resources */,
				4DD0BBF0193DA519006071B2 /* Main.storyboard in Resources */,
			);
			runOnlyForDeploymentPostprocessing = 0;
		};
		4DD0BBDB193DA3F1006071B2 /* Resources */ = {
			isa = PBXResourcesBuildPhase;
			buildActionMask = 2147483647;
			files = (
			);
			runOnlyForDeploymentPostprocessing = 0;
		};
/* End PBXResourcesBuildPhase section */

/* Begin PBXSourcesBuildPhase section */
		4DD0BBCC193DA3F1006071B2 /* Sources */ = {
			isa = PBXSourcesBuildPhase;
			buildActionMask = 2147483647;
			files = (
				4D05391C193FA2EB00E3A669 /* NetworkManager.swift in Sources */,
				4DD0BBF2193DAA93006071B2 /* DetailViewController.swift in Sources */,
				4DD0BBD6193DA3F1006071B2 /* AppDelegate.swift in Sources */,
				4DD0BBEE193DA439006071B2 /* TableViewController.swift in Sources */,
				4D23E6D21940F50E005427A8 /* Movie.swift in Sources */,
			);
			runOnlyForDeploymentPostprocessing = 0;
		};
		4DD0BBD9193DA3F1006071B2 /* Sources */ = {
			isa = PBXSourcesBuildPhase;
			buildActionMask = 2147483647;
			files = (
				4DD0BBE4193DA3F1006071B2 /* SwiftestTests.swift in Sources */,
			);
			runOnlyForDeploymentPostprocessing = 0;
		};
/* End PBXSourcesBuildPhase section */

/* Begin PBXTargetDependency section */
		4DD0BBDF193DA3F1006071B2 /* PBXTargetDependency */ = {
			isa = PBXTargetDependency;
			target = 4DD0BBCF193DA3F1006071B2 /* Swifty Movies */;
			targetProxy = 4DD0BBDE193DA3F1006071B2 /* PBXContainerItemProxy */;
		};
/* End PBXTargetDependency section */

/* Begin XCBuildConfiguration section */
		4DD0BBE5193DA3F1006071B2 /* Debug */ = {
			isa = XCBuildConfiguration;
			buildSettings = {
				ALWAYS_SEARCH_USER_PATHS = NO;
				CLANG_CXX_LANGUAGE_STANDARD = "gnu++0x";
				CLANG_CXX_LIBRARY = "libc++";
				CLANG_ENABLE_MODULES = YES;
				CLANG_ENABLE_OBJC_ARC = YES;
				CLANG_WARN_BOOL_CONVERSION = YES;
				CLANG_WARN_CONSTANT_CONVERSION = YES;
				CLANG_WARN_DIRECT_OBJC_ISA_USAGE = YES_ERROR;
				CLANG_WARN_EMPTY_BODY = YES;
				CLANG_WARN_ENUM_CONVERSION = YES;
				CLANG_WARN_INT_CONVERSION = YES;
				CLANG_WARN_OBJC_ROOT_CLASS = YES_ERROR;
				CLANG_WARN_UNREACHABLE_CODE = YES;
				CLANG_WARN__DUPLICATE_METHOD_MATCH = YES;
				"CODE_SIGN_IDENTITY[sdk=iphoneos*]" = "iPhone Developer";
				COPY_PHASE_STRIP = NO;
				ENABLE_STRICT_OBJC_MSGSEND = YES;
				GCC_C_LANGUAGE_STANDARD = gnu99;
				GCC_DYNAMIC_NO_PIC = NO;
				GCC_OPTIMIZATION_LEVEL = 0;
				GCC_PREPROCESSOR_DEFINITIONS = (
					"DEBUG=1",
					"$(inherited)",
				);
				GCC_SYMBOLS_PRIVATE_EXTERN = NO;
				GCC_WARN_64_TO_32_BIT_CONVERSION = YES;
				GCC_WARN_ABOUT_RETURN_TYPE = YES_ERROR;
				GCC_WARN_UNDECLARED_SELECTOR = YES;
				GCC_WARN_UNINITIALIZED_AUTOS = YES_AGGRESSIVE;
				GCC_WARN_UNUSED_FUNCTION = YES;
				GCC_WARN_UNUSED_VARIABLE = YES;
				IPHONEOS_DEPLOYMENT_TARGET = 8.0;
				METAL_ENABLE_DEBUG_INFO = YES;
				ONLY_ACTIVE_ARCH = YES;
				SDKROOT = iphoneos;
				SWIFT_OPTIMIZATION_LEVEL = "-Onone";
			};
			name = Debug;
		};
		4DD0BBE6193DA3F1006071B2 /* Release */ = {
			isa = XCBuildConfiguration;
			buildSettings = {
				ALWAYS_SEARCH_USER_PATHS = NO;
				CLANG_CXX_LANGUAGE_STANDARD = "gnu++0x";
				CLANG_CXX_LIBRARY = "libc++";
				CLANG_ENABLE_MODULES = YES;
				CLANG_ENABLE_OBJC_ARC = YES;
				CLANG_WARN_BOOL_CONVERSION = YES;
				CLANG_WARN_CONSTANT_CONVERSION = YES;
				CLANG_WARN_DIRECT_OBJC_ISA_USAGE = YES_ERROR;
				CLANG_WARN_EMPTY_BODY = YES;
				CLANG_WARN_ENUM_CONVERSION = YES;
				CLANG_WARN_INT_CONVERSION = YES;
				CLANG_WARN_OBJC_ROOT_CLASS = YES_ERROR;
				CLANG_WARN_UNREACHABLE_CODE = YES;
				CLANG_WARN__DUPLICATE_METHOD_MATCH = YES;
				"CODE_SIGN_IDENTITY[sdk=iphoneos*]" = "iPhone Developer";
				COPY_PHASE_STRIP = YES;
				ENABLE_NS_ASSERTIONS = NO;
				ENABLE_STRICT_OBJC_MSGSEND = YES;
				GCC_C_LANGUAGE_STANDARD = gnu99;
				GCC_WARN_64_TO_32_BIT_CONVERSION = YES;
				GCC_WARN_ABOUT_RETURN_TYPE = YES_ERROR;
				GCC_WARN_UNDECLARED_SELECTOR = YES;
				GCC_WARN_UNINITIALIZED_AUTOS = YES_AGGRESSIVE;
				GCC_WARN_UNUSED_FUNCTION = YES;
				GCC_WARN_UNUSED_VARIABLE = YES;
				IPHONEOS_DEPLOYMENT_TARGET = 8.0;
				METAL_ENABLE_DEBUG_INFO = NO;
				SDKROOT = iphoneos;
				VALIDATE_PRODUCT = YES;
			};
			name = Release;
		};
		4DD0BBE8193DA3F1006071B2 /* Debug */ = {
			isa = XCBuildConfiguration;
			buildSettings = {
				ASSETCATALOG_COMPILER_APPICON_NAME = AppIcon;
				ASSETCATALOG_COMPILER_LAUNCHIMAGE_NAME = LaunchImage;
				INFOPLIST_FILE = Swiftest/Info.plist;
				IPHONEOS_DEPLOYMENT_TARGET = 8.0;
				LD_RUNPATH_SEARCH_PATHS = "$(inherited) @executable_path/Frameworks";
				PRODUCT_NAME = "Swifty Movies";
				TARGETED_DEVICE_FAMILY = "1,2";
			};
			name = Debug;
		};
		4DD0BBE9193DA3F1006071B2 /* Release */ = {
			isa = XCBuildConfiguration;
			buildSettings = {
				ASSETCATALOG_COMPILER_APPICON_NAME = AppIcon;
				ASSETCATALOG_COMPILER_LAUNCHIMAGE_NAME = LaunchImage;
				INFOPLIST_FILE = Swiftest/Info.plist;
				IPHONEOS_DEPLOYMENT_TARGET = 8.0;
				LD_RUNPATH_SEARCH_PATHS = "$(inherited) @executable_path/Frameworks";
				PRODUCT_NAME = "Swifty Movies";
				TARGETED_DEVICE_FAMILY = "1,2";
			};
			name = Release;
		};
		4DD0BBEB193DA3F1006071B2 /* Debug */ = {
			isa = XCBuildConfiguration;
			buildSettings = {
				BUNDLE_LOADER = "$(BUILT_PRODUCTS_DIR)/Swiftest.app/Swiftest";
				FRAMEWORK_SEARCH_PATHS = (
					"$(SDKROOT)/Developer/Library/Frameworks",
					"$(inherited)",
				);
				GCC_PREPROCESSOR_DEFINITIONS = (
					"DEBUG=1",
					"$(inherited)",
				);
				INFOPLIST_FILE = SwiftestTests/Info.plist;
				LD_RUNPATH_SEARCH_PATHS = "$(inherited) @executable_path/Frameworks @loader_path/Frameworks";
				METAL_ENABLE_DEBUG_INFO = YES;
				PRODUCT_NAME = "Swifty MoviesTests";
				TEST_HOST = "$(BUNDLE_LOADER)";
			};
			name = Debug;
		};
		4DD0BBEC193DA3F1006071B2 /* Release */ = {
			isa = XCBuildConfiguration;
			buildSettings = {
				BUNDLE_LOADER = "$(BUILT_PRODUCTS_DIR)/Swiftest.app/Swiftest";
				FRAMEWORK_SEARCH_PATHS = (
					"$(SDKROOT)/Developer/Library/Frameworks",
					"$(inherited)",
				);
				INFOPLIST_FILE = SwiftestTests/Info.plist;
				LD_RUNPATH_SEARCH_PATHS = "$(inherited) @executable_path/Frameworks @loader_path/Frameworks";
				METAL_ENABLE_DEBUG_INFO = NO;
				PRODUCT_NAME = "Swifty MoviesTests";
				TEST_HOST = "$(BUNDLE_LOADER)";
			};
			name = Release;
		};
/* End XCBuildConfiguration section */

/* Begin XCConfigurationList section */
		4DD0BBCB193DA3F1006071B2 /* Build configuration list for PBXProject "Swifty Movies" */ = {
			isa = XCConfigurationList;
			buildConfigurations = (
				4DD0BBE5193DA3F1006071B2 /* Debug */,
				4DD0BBE6193DA3F1006071B2 /* Release */,
			);
			defaultConfigurationIsVisible = 0;
			defaultConfigurationName = Release;
		};
		4DD0BBE7193DA3F1006071B2 /* Build configuration list for PBXNativeTarget "Swifty Movies" */ = {
			isa = XCConfigurationList;
			buildConfigurations = (
				4DD0BBE8193DA3F1006071B2 /* Debug */,
				4DD0BBE9193DA3F1006071B2 /* Release */,
			);
			defaultConfigurationIsVisible = 0;
			defaultConfigurationName = Release;
		};
		4DD0BBEA193DA3F1006071B2 /* Build configuration list for PBXNativeTarget "Swifty MoviesTests" */ = {
			isa = XCConfigurationList;
			buildConfigurations = (
				4DD0BBEB193DA3F1006071B2 /* Debug */,
				4DD0BBEC193DA3F1006071B2 /* Release */,
			);
			defaultConfigurationIsVisible = 0;
			defaultConfigurationName = Release;
		};
/* End XCConfigurationList section */
	};
	rootObject = 4DD0BBC8193DA3F1006071B2 /* Project object */;
}
